
Microsoft Visual Studio Solution File, Format Version 12.00
# Visual Studio 15
Project("{FAE04EC0-301F-11D3-BF4B-00C04F79EFBC}") = "Assembly-CSharp", "Assembly-CSharp.csproj", "{FBC5A6DA-82EC-002E-6417-D44F9EE5DAB8}"
EndProject
Global
	GlobalSection(SolutionConfigurationPlatforms) = preSolution
		Debug|Any CPU = Debug|Any CPU
		Release|Any CPU = Release|Any CPU
	EndGlobalSection
	GlobalSection(ProjectConfigurationPlatforms) = postSolution
		{FBC5A6DA-82EC-002E-6417-D44F9EE5DAB8}.Debug|Any CPU.ActiveCfg = Debug|Any CPU
		{FBC5A6DA-82EC-002E-6417-D44F9EE5DAB8}.Debug|Any CPU.Build.0 = Debug|Any CPU
		{FBC5A6DA-82EC-002E-6417-D44F9EE5DAB8}.Release|Any CPU.ActiveCfg = Release|Any CPU
		{FBC5A6DA-82EC-002E-6417-D44F9EE5DAB8}.Release|Any CPU.Build.0 = Release|Any CPU
	EndGlobalSection
	GlobalSection(SolutionProperties) = preSolution
		HideSolutionNode = FALSE
	EndGlobalSection
EndGlobal
